github.com/ser163/WordBot v0.0.0-20210220084722-ce4b280ccfd3 h1:0S2LEEDVIUav10byb6yxx+MMhUslDwdbbsi4jU+B94c=
github.com/ser163/WordBot v0.0.0-20210220084722-ce4b280ccfd3/go.mod h1:TyW46gsHmqArbksyl5yCZEgcjOoRkTmyvrV/4+4Wk90=
github.com/shopspring/decimal v1.2.0 h1:abSATXmQEYyShuxI4/vyW3tV1MrKAJzCZ/0zLUXYbsQ=
github.com/shopspring/decimal v1.2.0/go.mod h1:DKyhrW/HYNuLGql+MJL6WCR6knT2jwCFRcu2hWCYk4o=
